
Microsoft Visual Studio Solution File, Format Version 12.00
# Visual Studio 15
VisualStudioVersion = 15.0.27428.2037
MinimumVisualStudioVersion = 10.0.40219.1
Project("{FAE04EC0-301F-11D3-BF4B-00C04F79EFBC}") = "WebApplication9", "WebApplication9\WebApplication9.csproj", "{8F6B31B1-3F61-4F6E-B3DE-57B5393ACF16}"
EndProject
Project("{E53339B2-1760-4266-BCC7-CA923CBCF16C}") = "docker-compose", "docker-compose.dcproj", "{398F4FA3-926E-46E7-A2FD-66D0A54431C8}"
EndProject
Global
	GlobalSection(SolutionConfigurationPlatforms) = preSolution
		Debug|Any CPU = Debug|Any CPU
		Release|Any CPU = Release|Any CPU
	EndGlobalSection
	GlobalSection(ProjectConfigurationPlatforms) = postSolution
		{8F6B31B1-3F61-4F6E-B3DE-57B5393ACF16}.Debug|Any CPU.ActiveCfg = Debug|Any CPU
		{8F6B31B1-3F61-4F6E-B3DE-57B5393ACF16}.Debug|Any CPU.Build.0 = Debug|Any CPU
		{8F6B31B1-3F61-4F6E-B3DE-57B5393ACF16}.Release|Any CPU.ActiveCfg = Release|Any CPU
		{8F6B31B1-3F61-4F6E-B3DE-57B5393ACF16}.Release|Any CPU.Build.0 = Release|Any CPU
		{398F4FA3-926E-46E7-A2FD-66D0A54431C8}.Debug|Any CPU.ActiveCfg = Debug|Any CPU
		{398F4FA3-926E-46E7-A2FD-66D0A54431C8}.Debug|Any CPU.Build.0 = Debug|Any CPU
		{398F4FA3-926E-46E7-A2FD-66D0A54431C8}.Release|Any CPU.ActiveCfg = Release|Any CPU
		{398F4FA3-926E-46E7-A2FD-66D0A54431C8}.Release|Any CPU.Build.0 = Release|Any CPU
	EndGlobalSection
	GlobalSection(SolutionProperties) = preSolution
		HideSolutionNode = FALSE
	EndGlobalSection
	GlobalSection(ExtensibilityGlobals) = postSolution
		SolutionGuid = {22D28486-D3AE-492A-982C-4A69C3C237BE}
	EndGlobalSection
EndGlobal
